
Microsoft Visual Studio Solution File, Format Version 12.00
# Visual Studio 14
VisualStudioVersion = 14.0.23107.0
MinimumVisualStudioVersion = 10.0.40219.1
Project("{F184B08F-C81C-45F6-A57F-5ABD9991F28F}") = "DomReader", "DomReader\DomReader.vbproj", "{4037FA45-1A93-4B66-BCF1-01BE43630610}"
EndProject
Project("{F184B08F-C81C-45F6-A57F-5ABD9991F28F}") = "Exercise_1_2", "Exercise_1_2\Exercise_1_2.vbproj", "{E06300D8-2F08-4DAD-9D5E-5CCB21D41815}"
EndProject
Project("{F184B08F-C81C-45F6-A57F-5ABD9991F28F}") = "Exercise_3_4_5_6", "Exercise_3_4_5_6\Exercise_3_4_5_6.vbproj", "{0EC801F1-2044-454F-93F9-46FF46BCA9A0}"
EndProject
Global
	GlobalSection(SolutionConfigurationPlatforms) = preSolution
		Debug|Any CPU = Debug|Any CPU
		Release|Any CPU = Release|Any CPU
	EndGlobalSection
	GlobalSection(ProjectConfigurationPlatforms) = postSolution
		{4037FA45-1A93-4B66-BCF1-01BE43630610}.Debug|Any CPU.ActiveCfg = Debug|Any CPU
		{4037FA45-1A93-4B66-BCF1-01BE43630610}.Debug|Any CPU.Build.0 = Debug|Any CPU
		{4037FA45-1A93-4B66-BCF1-01BE43630610}.Release|Any CPU.ActiveCfg = Release|Any CPU
		{4037FA45-1A93-4B66-BCF1-01BE43630610}.Release|Any CPU.Build.0 = Release|Any CPU
		{E06300D8-2F08-4DAD-9D5E-5CCB21D41815}.Debug|Any CPU.ActiveCfg = Debug|Any CPU
		{E06300D8-2F08-4DAD-9D5E-5CCB21D41815}.Debug|Any CPU.Build.0 = Debug|Any CPU
		{E06300D8-2F08-4DAD-9D5E-5CCB21D41815}.Release|Any CPU.ActiveCfg = Release|Any CPU
		{E06300D8-2F08-4DAD-9D5E-5CCB21D41815}.Release|Any CPU.Build.0 = Release|Any CPU
		{0EC801F1-2044-454F-93F9-46FF46BCA9A0}.Debug|Any CPU.ActiveCfg = Debug|Any CPU
		{0EC801F1-2044-454F-93F9-46FF46BCA9A0}.Debug|Any CPU.Build.0 = Debug|Any CPU
		{0EC801F1-2044-454F-93F9-46FF46BCA9A0}.Release|Any CPU.ActiveCfg = Release|Any CPU
		{0EC801F1-2044-454F-93F9-46FF46BCA9A0}.Release|Any CPU.Build.0 = Release|Any CPU
	EndGlobalSection
	GlobalSection(SolutionProperties) = preSolution
		HideSolutionNode = FALSE
	EndGlobalSection
EndGlobal
